// !$*UTF8*$!
{
	archiveVersion = 1;
	classes = {
	};
	objectVersion = 51;
	objects = {

/* Begin PBXBuildFile section */
		451F23E5387D6D584E3CB193 /* Pods_SoftWeatherTests.framework in Frameworks */ = {isa = PBXBuildFile; fileRef = 843C1484AD5DFB06A614CEF5 /* Pods_SoftWeatherTests.framework */; };
		490CBF0223AA2C1700EBD013 /* AppDelegate.swift in Sources */ = {isa = PBXBuildFile; fileRef = 490CBF0123AA2C1700EBD013 /* AppDelegate.swift */; };
		490CBF0423AA2C1700EBD013 /* SceneDelegate.swift in Sources */ = {isa = PBXBuildFile; fileRef = 490CBF0323AA2C1700EBD013 /* SceneDelegate.swift */; };
		490CBF0623AA2C1700EBD013 /* MainViewController.swift in Sources */ = {isa = PBXBuildFile; fileRef = 490CBF0523AA2C1700EBD013 /* MainViewController.swift */; };
		490CBF0C23AA2C1700EBD013 /* SoftWeather.xcdatamodeld in Sources */ = {isa = PBXBuildFile; fileRef = 490CBF0A23AA2C1700EBD013 /* SoftWeather.xcdatamodeld */; };
		490CBF0E23AA2C1900EBD013 /* Assets.xcassets in Resources */ = {isa = PBXBuildFile; fileRef = 490CBF0D23AA2C1900EBD013 /* Assets.xcassets */; };
		490CBF1123AA2C1900EBD013 /* LaunchScreen.storyboard in Resources */ = {isa = PBXBuildFile; fileRef = 490CBF0F23AA2C1900EBD013 /* LaunchScreen.storyboard */; };
		490CBF1C23AA2C1900EBD013 /* SoftWeatherTests.swift in Sources */ = {isa = PBXBuildFile; fileRef = 490CBF1B23AA2C1900EBD013 /* SoftWeatherTests.swift */; };
		490CBF2823AA355200EBD013 /* MainView.swift in Sources */ = {isa = PBXBuildFile; fileRef = 490CBF2723AA355200EBD013 /* MainView.swift */; };
		4910FB0823ABB834000C1993 /* CityModel.swift in Sources */ = {isa = PBXBuildFile; fileRef = 4910FB0723ABB834000C1993 /* CityModel.swift */; };
		494AC7A623B8C49D002C0F35 /* WeatherState.swift in Sources */ = {isa = PBXBuildFile; fileRef = 494AC7A523B8C49D002C0F35 /* WeatherState.swift */; };
		495C0E6D23AA5B9000440CA5 /* LoadImageOperation.swift in Sources */ = {isa = PBXBuildFile; fileRef = 495C0E6C23AA5B9000440CA5 /* LoadImageOperation.swift */; };
		495C0E6F23AA5BBE00440CA5 /* Constants.swift in Sources */ = {isa = PBXBuildFile; fileRef = 495C0E6E23AA5BBE00440CA5 /* Constants.swift */; };
		495C0E7823AB9AF200440CA5 /* CustomCollectionViewLayout.swift in Sources */ = {isa = PBXBuildFile; fileRef = 495C0E7723AB9AF200440CA5 /* CustomCollectionViewLayout.swift */; };
		495C0E7A23ABA0B900440CA5 /* AdditionalDataCollectionView.swift in Sources */ = {isa = PBXBuildFile; fileRef = 495C0E7923ABA0B900440CA5 /* AdditionalDataCollectionView.swift */; };
		495C0E7C23ABA12000440CA5 /* AdditinalDataCollectionViewCell.swift in Sources */ = {isa = PBXBuildFile; fileRef = 495C0E7B23ABA12000440CA5 /* AdditinalDataCollectionViewCell.swift */; };
		495C0E7F23ABAE2F00440CA5 /* WeatherServices.swift in Sources */ = {isa = PBXBuildFile; fileRef = 495C0E7E23ABAE2F00440CA5 /* WeatherServices.swift */; };
		4965C40423C626340053E0CF /* CitySearchController.swift in Sources */ = {isa = PBXBuildFile; fileRef = 4965C40323C626340053E0CF /* CitySearchController.swift */; };
		4965C40A23C665E50053E0CF /* ForecastTableView.swift in Sources */ = {isa = PBXBuildFile; fileRef = 4965C40923C665E50053E0CF /* ForecastTableView.swift */; };
		4965C40C23C667510053E0CF /* ForecastTableViewCell.swift in Sources */ = {isa = PBXBuildFile; fileRef = 4965C40B23C667510053E0CF /* ForecastTableViewCell.swift */; };
		498671BB23B10F5000E5EFA8 /* ForecastModel.swift in Sources */ = {isa = PBXBuildFile; fileRef = 498671BA23B10F5000E5EFA8 /* ForecastModel.swift */; };
		498671BF23B11E8900E5EFA8 /* SingletonCity.swift in Sources */ = {isa = PBXBuildFile; fileRef = 498671BE23B11E8900E5EFA8 /* SingletonCity.swift */; };
		498ACC3323B525FF00A7E15F /* DateConverter.swift in Sources */ = {isa = PBXBuildFile; fileRef = 498ACC3223B525FF00A7E15F /* DateConverter.swift */; };
		FEA47E3E8C77A18884D55BB9 /* Pods_SoftWeather.framework in Frameworks */ = {isa = PBXBuildFile; fileRef = 44C1CE401A900E0AF4CBCB4C /* Pods_SoftWeather.framework */; };
/* End PBXBuildFile section */

/* Begin PBXContainerItemProxy section */
		490CBF1823AA2C1900EBD013 /* PBXContainerItemProxy */ = {
			isa = PBXContainerItemProxy;
			containerPortal = 490CBEF623AA2C1700EBD013 /* Project object */;
			proxyType = 1;
			remoteGlobalIDString = 490CBEFD23AA2C1700EBD013;
			remoteInfo = SoftWeather;
		};
/* End PBXContainerItemProxy section */

/* Begin PBXFileReference section */
		44C1CE401A900E0AF4CBCB4C /* Pods_SoftWeather.framework */ = {isa = PBXFileReference; explicitFileType = wrapper.framework; includeInIndex = 0; path = Pods_SoftWeather.framework; sourceTree = BUILT_PRODUCTS_DIR; };
		490CBEFE23AA2C1700EBD013 /* SoftWeather.app */ = {isa = PBXFileReference; explicitFileType = wrapper.application; includeInIndex = 0; path = SoftWeather.app; sourceTree = BUILT_PRODUCTS_DIR; };
		490CBF0123AA2C1700EBD013 /* AppDelegate.swift */ = {isa = PBXFileReference; lastKnownFileType = sourcecode.swift; path = AppDelegate.swift; sourceTree = "<group>"; };
		490CBF0323AA2C1700EBD013 /* SceneDelegate.swift */ = {isa = PBXFileReference; lastKnownFileType = sourcecode.swift; path = SceneDelegate.swift; sourceTree = "<group>"; };
		490CBF0523AA2C1700EBD013 /* MainViewController.swift */ = {isa = PBXFileReference; lastKnownFileType = sourcecode.swift; path = MainViewController.swift; sourceTree = "<group>"; };
		490CBF0B23AA2C1700EBD013 /* SoftWeather.xcdatamodel */ = {isa = PBXFileReference; lastKnownFileType = wrapper.xcdatamodel; path = SoftWeather.xcdatamodel; sourceTree = "<group>"; };
		490CBF0D23AA2C1900EBD013 /* Assets.xcassets */ = {isa = PBXFileReference; lastKnownFileType = folder.assetcatalog; path = Assets.xcassets; sourceTree = "<group>"; };
		490CBF1023AA2C1900EBD013 /* Base */ = {isa = PBXFileReference; lastKnownFileType = file.storyboard; name = Base; path = Base.lproj/LaunchScreen.storyboard; sourceTree = "<group>"; };
		490CBF1223AA2C1900EBD013 /* Info.plist */ = {isa = PBXFileReference; lastKnownFileType = text.plist.xml; path = Info.plist; sourceTree = "<group>"; };
		490CBF1723AA2C1900EBD013 /* SoftWeatherTests.xctest */ = {isa = PBXFileReference; explicitFileType = wrapper.cfbundle; includeInIndex = 0; path = SoftWeatherTests.xctest; sourceTree = BUILT_PRODUCTS_DIR; };
		490CBF1B23AA2C1900EBD013 /* SoftWeatherTests.swift */ = {isa = PBXFileReference; lastKnownFileType = sourcecode.swift; path = SoftWeatherTests.swift; sourceTree = "<group>"; };
		490CBF1D23AA2C1900EBD013 /* Info.plist */ = {isa = PBXFileReference; lastKnownFileType = text.plist.xml; path = Info.plist; sourceTree = "<group>"; };
		490CBF2723AA355200EBD013 /* MainView.swift */ = {isa = PBXFileReference; lastKnownFileType = sourcecode.swift; path = MainView.swift; sourceTree = "<group>"; };
		4910FB0723ABB834000C1993 /* CityModel.swift */ = {isa = PBXFileReference; lastKnownFileType = sourcecode.swift; path = CityModel.swift; sourceTree = "<group>"; };
		494AC7A523B8C49D002C0F35 /* WeatherState.swift */ = {isa = PBXFileReference; lastKnownFileType = sourcecode.swift; path = WeatherState.swift; sourceTree = "<group>"; };
		495C0E6C23AA5B9000440CA5 /* LoadImageOperation.swift */ = {isa = PBXFileReference; lastKnownFileType = sourcecode.swift; path = LoadImageOperation.swift; sourceTree = "<group>"; };
		495C0E6E23AA5BBE00440CA5 /* Constants.swift */ = {isa = PBXFileReference; lastKnownFileType = sourcecode.swift; path = Constants.swift; sourceTree = "<group>"; };
		495C0E7723AB9AF200440CA5 /* CustomCollectionViewLayout.swift */ = {isa = PBXFileReference; lastKnownFileType = sourcecode.swift; path = CustomCollectionViewLayout.swift; sourceTree = "<group>"; };
		495C0E7923ABA0B900440CA5 /* AdditionalDataCollectionView.swift */ = {isa = PBXFileReference; lastKnownFileType = sourcecode.swift; path = AdditionalDataCollectionView.swift; sourceTree = "<group>"; };
		495C0E7B23ABA12000440CA5 /* AdditinalDataCollectionViewCell.swift */ = {isa = PBXFileReference; lastKnownFileType = sourcecode.swift; path = AdditinalDataCollectionViewCell.swift; sourceTree = "<group>"; };
		495C0E7E23ABAE2F00440CA5 /* WeatherServices.swift */ = {isa = PBXFileReference; lastKnownFileType = sourcecode.swift; path = WeatherServices.swift; sourceTree = "<group>"; };
		4965C40323C626340053E0CF /* CitySearchController.swift */ = {isa = PBXFileReference; lastKnownFileType = sourcecode.swift; path = CitySearchController.swift; sourceTree = "<group>"; };
		4965C40923C665E50053E0CF /* ForecastTableView.swift */ = {isa = PBXFileReference; lastKnownFileType = sourcecode.swift; path = ForecastTableView.swift; sourceTree = "<group>"; };
		4965C40B23C667510053E0CF /* ForecastTableViewCell.swift */ = {isa = PBXFileReference; lastKnownFileType = sourcecode.swift; path = ForecastTableViewCell.swift; sourceTree = "<group>"; };
		498671BA23B10F5000E5EFA8 /* ForecastModel.swift */ = {isa = PBXFileReference; lastKnownFileType = sourcecode.swift; path = ForecastModel.swift; sourceTree = "<group>"; };
		498671BE23B11E8900E5EFA8 /* SingletonCity.swift */ = {isa = PBXFileReference; lastKnownFileType = sourcecode.swift; name = SingletonCity.swift; path = ../NetworkServices/SingletonCity.swift; sourceTree = "<group>"; };
		498ACC3223B525FF00A7E15F /* DateConverter.swift */ = {isa = PBXFileReference; lastKnownFileType = sourcecode.swift; path = DateConverter.swift; sourceTree = "<group>"; };
		723A3E141886157673D0F0C2 /* Pods-SoftWeatherTests.debug.xcconfig */ = {isa = PBXFileReference; includeInIndex = 1; lastKnownFileType = text.xcconfig; name = "Pods-SoftWeatherTests.debug.xcconfig"; path = "Target Support Files/Pods-SoftWeatherTests/Pods-SoftWeatherTests.debug.xcconfig"; sourceTree = "<group>"; };
		792A6244C58C67EC96B52A23 /* Pods-SoftWeather.debug.xcconfig */ = {isa = PBXFileReference; includeInIndex = 1; lastKnownFileType = text.xcconfig; name = "Pods-SoftWeather.debug.xcconfig"; path = "Target Support Files/Pods-SoftWeather/Pods-SoftWeather.debug.xcconfig"; sourceTree = "<group>"; };
		843C1484AD5DFB06A614CEF5 /* Pods_SoftWeatherTests.framework */ = {isa = PBXFileReference; explicitFileType = wrapper.framework; includeInIndex = 0; path = Pods_SoftWeatherTests.framework; sourceTree = BUILT_PRODUCTS_DIR; };
		C7697F934CFC801274D1678D /* Pods-SoftWeatherTests.release.xcconfig */ = {isa = PBXFileReference; includeInIndex = 1; lastKnownFileType = text.xcconfig; name = "Pods-SoftWeatherTests.release.xcconfig"; path = "Target Support Files/Pods-SoftWeatherTests/Pods-SoftWeatherTests.release.xcconfig"; sourceTree = "<group>"; };
		CC7BB6FAEDC92F147EEC7833 /* Pods-SoftWeather.release.xcconfig */ = {isa = PBXFileReference; includeInIndex = 1; lastKnownFileType = text.xcconfig; name = "Pods-SoftWeather.release.xcconfig"; path = "Target Support Files/Pods-SoftWeather/Pods-SoftWeather.release.xcconfig"; sourceTree = "<group>"; };
/* End PBXFileReference section */

/* Begin PBXFrameworksBuildPhase section */
		490CBEFB23AA2C1700EBD013 /* Frameworks */ = {
			isa = PBXFrameworksBuildPhase;
			buildActionMask = 2147483647;
			files = (
				FEA47E3E8C77A18884D55BB9 /* Pods_SoftWeather.framework in Frameworks */,
			);
			runOnlyForDeploymentPostprocessing = 0;
		};
		490CBF1423AA2C1900EBD013 /* Frameworks */ = {
			isa = PBXFrameworksBuildPhase;
			buildActionMask = 2147483647;
			files = (
				451F23E5387D6D584E3CB193 /* Pods_SoftWeatherTests.framework in Frameworks */,
			);
			runOnlyForDeploymentPostprocessing = 0;
		};
/* End PBXFrameworksBuildPhase section */

/* Begin PBXGroup section */
		3B6C2EACA8A0FD9C33F5C6BF /* Frameworks */ = {
			isa = PBXGroup;
			children = (
				44C1CE401A900E0AF4CBCB4C /* Pods_SoftWeather.framework */,
				843C1484AD5DFB06A614CEF5 /* Pods_SoftWeatherTests.framework */,
			);
			name = Frameworks;
			sourceTree = "<group>";
		};
		490CBEF523AA2C1700EBD013 = {
			isa = PBXGroup;
			children = (
				490CBF0023AA2C1700EBD013 /* SoftWeather */,
				490CBF1A23AA2C1900EBD013 /* SoftWeatherTests */,
				490CBEFF23AA2C1700EBD013 /* Products */,
				F7B8B10C6DEC8FC4BD3E9C2D /* Pods */,
				3B6C2EACA8A0FD9C33F5C6BF /* Frameworks */,
			);
			sourceTree = "<group>";
		};
		490CBEFF23AA2C1700EBD013 /* Products */ = {
			isa = PBXGroup;
			children = (
				490CBEFE23AA2C1700EBD013 /* SoftWeather.app */,
				490CBF1723AA2C1900EBD013 /* SoftWeatherTests.xctest */,
			);
			name = Products;
			sourceTree = "<group>";
		};
		490CBF0023AA2C1700EBD013 /* SoftWeather */ = {
			isa = PBXGroup;
			children = (
				490CBF0123AA2C1700EBD013 /* AppDelegate.swift */,
				490CBF0323AA2C1700EBD013 /* SceneDelegate.swift */,
				4965C40323C626340053E0CF /* CitySearchController.swift */,
				490CBF2623AA31AF00EBD013 /* MainScreen */,
				495C0E7D23ABACD200440CA5 /* NetworkServices */,
				498ACC3123B525B100A7E15F /* Utils */,
				490CBF0D23AA2C1900EBD013 /* Assets.xcassets */,
				490CBF0F23AA2C1900EBD013 /* LaunchScreen.storyboard */,
				490CBF1223AA2C1900EBD013 /* Info.plist */,
				490CBF0A23AA2C1700EBD013 /* SoftWeather.xcdatamodeld */,
			);
			path = SoftWeather;
			sourceTree = "<group>";
		};
		490CBF1A23AA2C1900EBD013 /* SoftWeatherTests */ = {
			isa = PBXGroup;
			children = (
				490CBF1B23AA2C1900EBD013 /* SoftWeatherTests.swift */,
				490CBF1D23AA2C1900EBD013 /* Info.plist */,
			);
			path = SoftWeatherTests;
			sourceTree = "<group>";
		};
		490CBF2623AA31AF00EBD013 /* MainScreen */ = {
			isa = PBXGroup;
			children = (
				490CBF0523AA2C1700EBD013 /* MainViewController.swift */,
				490CBF2723AA355200EBD013 /* MainView.swift */,
				498ACC3023B5239400A7E15F /* CollectionView */,
				4965C40223C625090053E0CF /* TableView */,
			);
			path = MainScreen;
			sourceTree = "<group>";
		};
		495C0E7D23ABACD200440CA5 /* NetworkServices */ = {
			isa = PBXGroup;
			children = (
				495C0E7E23ABAE2F00440CA5 /* WeatherServices.swift */,
				495C0E6E23AA5BBE00440CA5 /* Constants.swift */,
				4910FB0723ABB834000C1993 /* CityModel.swift */,
				498671BA23B10F5000E5EFA8 /* ForecastModel.swift */,
			);
			path = NetworkServices;
			sourceTree = "<group>";
		};
		4965C40223C625090053E0CF /* TableView */ = {
			isa = PBXGroup;
			children = (
				4965C40923C665E50053E0CF /* ForecastTableView.swift */,
				4965C40B23C667510053E0CF /* ForecastTableViewCell.swift */,
			);
			path = TableView;
			sourceTree = "<group>";
		};
		498ACC3023B5239400A7E15F /* CollectionView */ = {
			isa = PBXGroup;
			children = (
				495C0E7B23ABA12000440CA5 /* AdditinalDataCollectionViewCell.swift */,
				495C0E7923ABA0B900440CA5 /* AdditionalDataCollectionView.swift */,
				495C0E7723AB9AF200440CA5 /* CustomCollectionViewLayout.swift */,
			);
			path = CollectionView;
			sourceTree = "<group>";
		};
		498ACC3123B525B100A7E15F /* Utils */ = {
			isa = PBXGroup;
			children = (
				498671BE23B11E8900E5EFA8 /* SingletonCity.swift */,
				498ACC3223B525FF00A7E15F /* DateConverter.swift */,
				495C0E6C23AA5B9000440CA5 /* LoadImageOperation.swift */,
				494AC7A523B8C49D002C0F35 /* WeatherState.swift */,
			);
			path = Utils;
			sourceTree = "<group>";
		};
		F7B8B10C6DEC8FC4BD3E9C2D /* Pods */ = {
			isa = PBXGroup;
			children = (
				792A6244C58C67EC96B52A23 /* Pods-SoftWeather.debug.xcconfig */,
				CC7BB6FAEDC92F147EEC7833 /* Pods-SoftWeather.release.xcconfig */,
				723A3E141886157673D0F0C2 /* Pods-SoftWeatherTests.debug.xcconfig */,
				C7697F934CFC801274D1678D /* Pods-SoftWeatherTests.release.xcconfig */,
			);
			path = Pods;
			sourceTree = "<group>";
		};
/* End PBXGroup section */

/* Begin PBXNativeTarget section */
		490CBEFD23AA2C1700EBD013 /* SoftWeather */ = {
			isa = PBXNativeTarget;
			buildConfigurationList = 490CBF2023AA2C1900EBD013 /* Build configuration list for PBXNativeTarget "SoftWeather" */;
			buildPhases = (
				E53884100B73D9D778E4118F /* [CP] Check Pods Manifest.lock */,
				490CBEFA23AA2C1700EBD013 /* Sources */,
				490CBEFB23AA2C1700EBD013 /* Frameworks */,
				490CBEFC23AA2C1700EBD013 /* Resources */,
				6A9F339A58B4D47D33479DDF /* [CP] Embed Pods Frameworks */,
			);
			buildRules = (
			);
			dependencies = (
			);
			name = SoftWeather;
			productName = SoftWeather;
			productReference = 490CBEFE23AA2C1700EBD013 /* SoftWeather.app */;
			productType = "com.apple.product-type.application";
		};
		490CBF1623AA2C1900EBD013 /* SoftWeatherTests */ = {
			isa = PBXNativeTarget;
			buildConfigurationList = 490CBF2323AA2C1900EBD013 /* Build configuration list for PBXNativeTarget "SoftWeatherTests" */;
			buildPhases = (
				6D9EC466358FF5D80EA9BC22 /* [CP] Check Pods Manifest.lock */,
				490CBF1323AA2C1900EBD013 /* Sources */,
				490CBF1423AA2C1900EBD013 /* Frameworks */,
				490CBF1523AA2C1900EBD013 /* Resources */,
			);
			buildRules = (
			);
			dependencies = (
				490CBF1923AA2C1900EBD013 /* PBXTargetDependency */,
			);
			name = SoftWeatherTests;
			productName = SoftWeatherTests;
			productReference = 490CBF1723AA2C1900EBD013 /* SoftWeatherTests.xctest */;
			productType = "com.apple.product-type.bundle.unit-test";
		};
/* End PBXNativeTarget section */

/* Begin PBXProject section */
		490CBEF623AA2C1700EBD013 /* Project object */ = {
			isa = PBXProject;
			attributes = {
				LastSwiftUpdateCheck = 1130;
				LastUpgradeCheck = 1130;
				ORGANIZATIONNAME = Andrew;
				TargetAttributes = {
					490CBEFD23AA2C1700EBD013 = {
						CreatedOnToolsVersion = 11.3;
					};
					490CBF1623AA2C1900EBD013 = {
						CreatedOnToolsVersion = 11.3;
						TestTargetID = 490CBEFD23AA2C1700EBD013;
					};
				};
			};
			buildConfigurationList = 490CBEF923AA2C1700EBD013 /* Build configuration list for PBXProject "SoftWeather" */;
			compatibilityVersion = "Xcode 9.3";
			developmentRegion = en;
			hasScannedForEncodings = 0;
			knownRegions = (
				en,
				Base,
			);
			mainGroup = 490CBEF523AA2C1700EBD013;
			productRefGroup = 490CBEFF23AA2C1700EBD013 /* Products */;
			projectDirPath = "";
			projectRoot = "";
			targets = (
				490CBEFD23AA2C1700EBD013 /* SoftWeather */,
				490CBF1623AA2C1900EBD013 /* SoftWeatherTests */,
			);
		};
/* End PBXProject section */

/* Begin PBXResourcesBuildPhase section */
		490CBEFC23AA2C1700EBD013 /* Resources */ = {
			isa = PBXResourcesBuildPhase;
			buildActionMask = 2147483647;
			files = (
				490CBF1123AA2C1900EBD013 /* LaunchScreen.storyboard in Resources */,
				490CBF0E23AA2C1900EBD013 /* Assets.xcassets in Resources */,
			);
			runOnlyForDeploymentPostprocessing = 0;
		};
		490CBF1523AA2C1900EBD013 /* Resources */ = {
			isa = PBXResourcesBuildPhase;
			buildActionMask = 2147483647;
			files = (
			);
			runOnlyForDeploymentPostprocessing = 0;
		};
/* End PBXResourcesBuildPhase section */

/* Begin PBXShellScriptBuildPhase section */
		6A9F339A58B4D47D33479DDF /* [CP] Embed Pods Frameworks */ = {
			isa = PBXShellScriptBuildPhase;
			buildActionMask = 2147483647;
			files = (
			);
			inputFileListPaths = (
				"${PODS_ROOT}/Target Support Files/Pods-SoftWeather/Pods-SoftWeather-frameworks-${CONFIGURATION}-input-files.xcfilelist",
			);
			name = "[CP] Embed Pods Frameworks";
			outputFileListPaths = (
				"${PODS_ROOT}/Target Support Files/Pods-SoftWeather/Pods-SoftWeather-frameworks-${CONFIGURATION}-output-files.xcfilelist",
			);
			runOnlyForDeploymentPostprocessing = 0;
			shellPath = /bin/sh;
			shellScript = "\"${PODS_ROOT}/Target Support Files/Pods-SoftWeather/Pods-SoftWeather-frameworks.sh\"\n";
			showEnvVarsInLog = 0;
		};
		6D9EC466358FF5D80EA9BC22 /* [CP] Check Pods Manifest.lock */ = {
			isa = PBXShellScriptBuildPhase;
			buildActionMask = 2147483647;
			files = (
			);
			inputFileListPaths = (
			);
			inputPaths = (
				"${PODS_PODFILE_DIR_PATH}/Podfile.lock",
				"${PODS_ROOT}/Manifest.lock",
			);
			name = "[CP] Check Pods Manifest.lock";
			outputFileListPaths = (
			);
			outputPaths = (
				"$(DERIVED_FILE_DIR)/Pods-SoftWeatherTests-checkManifestLockResult.txt",
			);
			runOnlyForDeploymentPostprocessing = 0;
			shellPath = /bin/sh;
			shellScript = "diff \"${PODS_PODFILE_DIR_PATH}/Podfile.lock\" \"${PODS_ROOT}/Manifest.lock\" > /dev/null\nif [ $? != 0 ] ; then\n    # print error to STDERR\n    echo \"error: The sandbox is not in sync with the Podfile.lock. Run 'pod install' or update your CocoaPods installation.\" >&2\n    exit 1\nfi\n# This output is used by Xcode 'outputs' to avoid re-running this script phase.\necho \"SUCCESS\" > \"${SCRIPT_OUTPUT_FILE_0}\"\n";
			showEnvVarsInLog = 0;
		};
		E53884100B73D9D778E4118F /* [CP] Check Pods Manifest.lock */ = {
			isa = PBXShellScriptBuildPhase;
			buildActionMask = 2147483647;
			files = (
			);
			inputFileListPaths = (
			);
			inputPaths = (
				"${PODS_PODFILE_DIR_PATH}/Podfile.lock",
				"${PODS_ROOT}/Manifest.lock",
			);
			name = "[CP] Check Pods Manifest.lock";
			outputFileListPaths = (
			);
			outputPaths = (
				"$(DERIVED_FILE_DIR)/Pods-SoftWeather-checkManifestLockResult.txt",
			);
			runOnlyForDeploymentPostprocessing = 0;
			shellPath = /bin/sh;
			shellScript = "diff \"${PODS_PODFILE_DIR_PATH}/Podfile.lock\" \"${PODS_ROOT}/Manifest.lock\" > /dev/null\nif [ $? != 0 ] ; then\n    # print error to STDERR\n    echo \"error: The sandbox is not in sync with the Podfile.lock. Run 'pod install' or update your CocoaPods installation.\" >&2\n    exit 1\nfi\n# This output is used by Xcode 'outputs' to avoid re-running this script phase.\necho \"SUCCESS\" > \"${SCRIPT_OUTPUT_FILE_0}\"\n";
			showEnvVarsInLog = 0;
		};
/* End PBXShellScriptBuildPhase section */

/* Begin PBXSourcesBuildPhase section */
		490CBEFA23AA2C1700EBD013 /* Sources */ = {
			isa = PBXSourcesBuildPhase;
			buildActionMask = 2147483647;
			files = (
				490CBF0C23AA2C1700EBD013 /* SoftWeather.xcdatamodeld in Sources */,
				498ACC3323B525FF00A7E15F /* DateConverter.swift in Sources */,
				498671BB23B10F5000E5EFA8 /* ForecastModel.swift in Sources */,
				495C0E7F23ABAE2F00440CA5 /* WeatherServices.swift in Sources */,
				4965C40C23C667510053E0CF /* ForecastTableViewCell.swift in Sources */,
				495C0E7C23ABA12000440CA5 /* AdditinalDataCollectionViewCell.swift in Sources */,
				494AC7A623B8C49D002C0F35 /* WeatherState.swift in Sources */,
				4965C40423C626340053E0CF /* CitySearchController.swift in Sources */,
				490CBF0623AA2C1700EBD013 /* MainViewController.swift in Sources */,
				490CBF0223AA2C1700EBD013 /* AppDelegate.swift in Sources */,
				495C0E7A23ABA0B900440CA5 /* AdditionalDataCollectionView.swift in Sources */,
				495C0E6D23AA5B9000440CA5 /* LoadImageOperation.swift in Sources */,
				498671BF23B11E8900E5EFA8 /* SingletonCity.swift in Sources */,
				495C0E6F23AA5BBE00440CA5 /* Constants.swift in Sources */,
				4910FB0823ABB834000C1993 /* CityModel.swift in Sources */,
				490CBF2823AA355200EBD013 /* MainView.swift in Sources */,
				495C0E7823AB9AF200440CA5 /* CustomCollectionViewLayout.swift in Sources */,
				4965C40A23C665E50053E0CF /* ForecastTableView.swift in Sources */,
				490CBF0423AA2C1700EBD013 /* SceneDelegate.swift in Sources */,
			);
			runOnlyForDeploymentPostprocessing = 0;
		};
		490CBF1323AA2C1900EBD013 /* Sources */ = {
			isa = PBXSourcesBuildPhase;
			buildActionMask = 2147483647;
			files = (
				490CBF1C23AA2C1900EBD013 /* SoftWeatherTests.swift in Sources */,
			);
			runOnlyForDeploymentPostprocessing = 0;
		};
/* End PBXSourcesBuildPhase section */

/* Begin PBXTargetDependency section */
		490CBF1923AA2C1900EBD013 /* PBXTargetDependency */ = {
			isa = PBXTargetDependency;
			target = 490CBEFD23AA2C1700EBD013 /* SoftWeather */;
			targetProxy = 490CBF1823AA2C1900EBD013 /* PBXContainerItemProxy */;
		};
/* End PBXTargetDependency section */

/* Begin PBXVariantGroup section */
		490CBF0F23AA2C1900EBD013 /* LaunchScreen.storyboard */ = {
			isa = PBXVariantGroup;
			children = (
				490CBF1023AA2C1900EBD013 /* Base */,
			);
			name = LaunchScreen.storyboard;
			sourceTree = "<group>";
		};
/* End PBXVariantGroup section */

/* Begin XCBuildConfiguration section */
		490CBF1E23AA2C1900EBD013 /* Debug */ = {
			isa = XCBuildConfiguration;
			buildSettings = {
				ALWAYS_SEARCH_USER_PATHS = NO;
				CLANG_ANALYZER_NONNULL = YES;
				CLANG_ANALYZER_NUMBER_OBJECT_CONVERSION = YES_AGGRESSIVE;
				CLANG_CXX_LANGUAGE_STANDARD = "gnu++14";
				CLANG_CXX_LIBRARY = "libc++";
				CLANG_ENABLE_MODULES = YES;
				CLANG_ENABLE_OBJC_ARC = YES;
				CLANG_ENABLE_OBJC_WEAK = YES;
				CLANG_WARN_BLOCK_CAPTURE_AUTORELEASING = YES;
				CLANG_WARN_BOOL_CONVERSION = YES;
				CLANG_WARN_COMMA = YES;
				CLANG_WARN_CONSTANT_CONVERSION = YES;
				CLANG_WARN_DEPRECATED_OBJC_IMPLEMENTATIONS = YES;
				CLANG_WARN_DIRECT_OBJC_ISA_USAGE = YES_ERROR;
				CLANG_WARN_DOCUMENTATION_COMMENTS = YES;
				CLANG_WARN_EMPTY_BODY = YES;
				CLANG_WARN_ENUM_CONVERSION = YES;
				CLANG_WARN_INFINITE_RECURSION = YES;
				CLANG_WARN_INT_CONVERSION = YES;
				CLANG_WARN_NON_LITERAL_NULL_CONVERSION = YES;
				CLANG_WARN_OBJC_IMPLICIT_RETAIN_SELF = YES;
				CLANG_WARN_OBJC_LITERAL_CONVERSION = YES;
				CLANG_WARN_OBJC_ROOT_CLASS = YES_ERROR;
				CLANG_WARN_RANGE_LOOP_ANALYSIS = YES;
				CLANG_WARN_STRICT_PROTOTYPES = YES;
				CLANG_WARN_SUSPICIOUS_MOVE = YES;
				CLANG_WARN_UNGUARDED_AVAILABILITY = YES_AGGRESSIVE;
				CLANG_WARN_UNREACHABLE_CODE = YES;
				CLANG_WARN__DUPLICATE_METHOD_MATCH = YES;
				COPY_PHASE_STRIP = NO;
				DEBUG_INFORMATION_FORMAT = dwarf;
				ENABLE_STRICT_OBJC_MSGSEND = YES;
				ENABLE_TESTABILITY = YES;
				GCC_C_LANGUAGE_STANDARD = gnu11;
				GCC_DYNAMIC_NO_PIC = NO;
				GCC_NO_COMMON_BLOCKS = YES;
				GCC_OPTIMIZATION_LEVEL = 0;
				GCC_PREPROCESSOR_DEFINITIONS = (
					"DEBUG=1",
					"$(inherited)",
				);
				GCC_WARN_64_TO_32_BIT_CONVERSION = YES;
				GCC_WARN_ABOUT_RETURN_TYPE = YES_ERROR;
				GCC_WARN_UNDECLARED_SELECTOR = YES;
				GCC_WARN_UNINITIALIZED_AUTOS = YES_AGGRESSIVE;
				GCC_WARN_UNUSED_FUNCTION = YES;
				GCC_WARN_UNUSED_VARIABLE = YES;
				IPHONEOS_DEPLOYMENT_TARGET = 13.2;
				MTL_ENABLE_DEBUG_INFO = INCLUDE_SOURCE;
				MTL_FAST_MATH = YES;
				ONLY_ACTIVE_ARCH = YES;
				SDKROOT = iphoneos;
				SWIFT_ACTIVE_COMPILATION_CONDITIONS = DEBUG;
				SWIFT_OPTIMIZATION_LEVEL = "-Onone";
			};
			name = Debug;
		};
		490CBF1F23AA2C1900EBD013 /* Release */ = {
			isa = XCBuildConfiguration;
			buildSettings = {
				ALWAYS_SEARCH_USER_PATHS = NO;
				CLANG_ANALYZER_NONNULL = YES;
				CLANG_ANALYZER_NUMBER_OBJECT_CONVERSION = YES_AGGRESSIVE;
				CLANG_CXX_LANGUAGE_STANDARD = "gnu++14";
				CLANG_CXX_LIBRARY = "libc++";
				CLANG_ENABLE_MODULES = YES;
				CLANG_ENABLE_OBJC_ARC = YES;
				CLANG_ENABLE_OBJC_WEAK = YES;
				CLANG_WARN_BLOCK_CAPTURE_AUTORELEASING = YES;
				CLANG_WARN_BOOL_CONVERSION = YES;
				CLANG_WARN_COMMA = YES;
				CLANG_WARN_CONSTANT_CONVERSION = YES;
				CLANG_WARN_DEPRECATED_OBJC_IMPLEMENTATIONS = YES;
				CLANG_WARN_DIRECT_OBJC_ISA_USAGE = YES_ERROR;
				CLANG_WARN_DOCUMENTATION_COMMENTS = YES;
				CLANG_WARN_EMPTY_BODY = YES;
				CLANG_WARN_ENUM_CONVERSION = YES;
				CLANG_WARN_INFINITE_RECURSION = YES;
				CLANG_WARN_INT_CONVERSION = YES;
				CLANG_WARN_NON_LITERAL_NULL_CONVERSION = YES;
				CLANG_WARN_OBJC_IMPLICIT_RETAIN_SELF = YES;
				CLANG_WARN_OBJC_LITERAL_CONVERSION = YES;
				CLANG_WARN_OBJC_ROOT_CLASS = YES_ERROR;
				CLANG_WARN_RANGE_LOOP_ANALYSIS = YES;
				CLANG_WARN_STRICT_PROTOTYPES = YES;
				CLANG_WARN_SUSPICIOUS_MOVE = YES;
				CLANG_WARN_UNGUARDED_AVAILABILITY = YES_AGGRESSIVE;
				CLANG_WARN_UNREACHABLE_CODE = YES;
				CLANG_WARN__DUPLICATE_METHOD_MATCH = YES;
				COPY_PHASE_STRIP = NO;
				DEBUG_INFORMATION_FORMAT = "dwarf-with-dsym";
				ENABLE_NS_ASSERTIONS = NO;
				ENABLE_STRICT_OBJC_MSGSEND = YES;
				GCC_C_LANGUAGE_STANDARD = gnu11;
				GCC_NO_COMMON_BLOCKS = YES;
				GCC_WARN_64_TO_32_BIT_CONVERSION = YES;
				GCC_WARN_ABOUT_RETURN_TYPE = YES_ERROR;
				GCC_WARN_UNDECLARED_SELECTOR = YES;
				GCC_WARN_UNINITIALIZED_AUTOS = YES_AGGRESSIVE;
				GCC_WARN_UNUSED_FUNCTION = YES;
				GCC_WARN_UNUSED_VARIABLE = YES;
				IPHONEOS_DEPLOYMENT_TARGET = 13.2;
				MTL_ENABLE_DEBUG_INFO = NO;
				MTL_FAST_MATH = YES;
				SDKROOT = iphoneos;
				SWIFT_COMPILATION_MODE = wholemodule;
				SWIFT_OPTIMIZATION_LEVEL = "-O";
				VALIDATE_PRODUCT = YES;
			};
			name = Release;
		};
		490CBF2123AA2C1900EBD013 /* Debug */ = {
			isa = XCBuildConfiguration;
			baseConfigurationReference = 792A6244C58C67EC96B52A23 /* Pods-SoftWeather.debug.xcconfig */;
			buildSettings = {
				ASSETCATALOG_COMPILER_APPICON_NAME = AppIcon;
				CODE_SIGN_STYLE = Automatic;
				DEVELOPMENT_TEAM = 8FZ2C7K9LV;
				INFOPLIST_FILE = SoftWeather/Info.plist;
				LD_RUNPATH_SEARCH_PATHS = (
					"$(inherited)",
					"@executable_path/Frameworks",
				);
				PRODUCT_BUNDLE_IDENTIFIER = ZHUKOV.SoftWeather;
				PRODUCT_NAME = "$(TARGET_NAME)";
				SWIFT_VERSION = 5.0;
				TARGETED_DEVICE_FAMILY = "1,2";
			};
			name = Debug;
		};
		490CBF2223AA2C1900EBD013 /* Release */ = {
			isa = XCBuildConfiguration;
			baseConfigurationReference = CC7BB6FAEDC92F147EEC7833 /* Pods-SoftWeather.release.xcconfig */;
			buildSettings = {
				ASSETCATALOG_COMPILER_APPICON_NAME = AppIcon;
				CODE_SIGN_STYLE = Automatic;
				DEVELOPMENT_TEAM = 8FZ2C7K9LV;
				INFOPLIST_FILE = SoftWeather/Info.plist;
				LD_RUNPATH_SEARCH_PATHS = (
					"$(inherited)",
					"@executable_path/Frameworks",
				);
				PRODUCT_BUNDLE_IDENTIFIER = ZHUKOV.SoftWeather;
				PRODUCT_NAME = "$(TARGET_NAME)";
				SWIFT_VERSION = 5.0;
				TARGETED_DEVICE_FAMILY = "1,2";
			};
			name = Release;
		};
		490CBF2423AA2C1900EBD013 /* Debug */ = {
			isa = XCBuildConfiguration;
			baseConfigurationReference = 723A3E141886157673D0F0C2 /* Pods-SoftWeatherTests.debug.xcconfig */;
			buildSettings = {
				ALWAYS_EMBED_SWIFT_STANDARD_LIBRARIES = YES;
				BUNDLE_LOADER = "$(TEST_HOST)";
				CODE_SIGN_STYLE = Automatic;
				DEVELOPMENT_TEAM = 8FZ2C7K9LV;
				INFOPLIST_FILE = SoftWeatherTests/Info.plist;
				IPHONEOS_DEPLOYMENT_TARGET = 13.2;
				LD_RUNPATH_SEARCH_PATHS = (
					"$(inherited)",
					"@executable_path/Frameworks",
					"@loader_path/Frameworks",
				);
				PRODUCT_BUNDLE_IDENTIFIER = ZHUKOV.SoftWeatherTests;
				PRODUCT_NAME = "$(TARGET_NAME)";
				SWIFT_VERSION = 5.0;
				TARGETED_DEVICE_FAMILY = "1,2";
				TEST_HOST = "$(BUILT_PRODUCTS_DIR)/SoftWeather.app/SoftWeather";
			};
			name = Debug;
		};
		490CBF2523AA2C1900EBD013 /* Release */ = {
			isa = XCBuildConfiguration;
			baseConfigurationReference = C7697F934CFC801274D1678D /* Pods-SoftWeatherTests.release.xcconfig */;
			buildSettings = {
				ALWAYS_EMBED_SWIFT_STANDARD_LIBRARIES = YES;
				BUNDLE_LOADER = "$(TEST_HOST)";
				CODE_SIGN_STYLE = Automatic;
				DEVELOPMENT_TEAM = 8FZ2C7K9LV;
				INFOPLIST_FILE = SoftWeatherTests/Info.plist;
				IPHONEOS_DEPLOYMENT_TARGET = 13.2;
				LD_RUNPATH_SEARCH_PATHS = (
					"$(inherited)",
					"@executable_path/Frameworks",
					"@loader_path/Frameworks",
				);
				PRODUCT_BUNDLE_IDENTIFIER = ZHUKOV.SoftWeatherTests;
				PRODUCT_NAME = "$(TARGET_NAME)";
				SWIFT_VERSION = 5.0;
				TARGETED_DEVICE_FAMILY = "1,2";
				TEST_HOST = "$(BUILT_PRODUCTS_DIR)/SoftWeather.app/SoftWeather";
			};
			name = Release;
		};
/* End XCBuildConfiguration section */

/* Begin XCConfigurationList section */
		490CBEF923AA2C1700EBD013 /* Build configuration list for PBXProject "SoftWeather" */ = {
			isa = XCConfigurationList;
			buildConfigurations = (
				490CBF1E23AA2C1900EBD013 /* Debug */,
				490CBF1F23AA2C1900EBD013 /* Release */,
			);
			defaultConfigurationIsVisible = 0;
			defaultConfigurationName = Release;
		};
		490CBF2023AA2C1900EBD013 /* Build configuration list for PBXNativeTarget "SoftWeather" */ = {
			isa = XCConfigurationList;
			buildConfigurations = (
				490CBF2123AA2C1900EBD013 /* Debug */,
				490CBF2223AA2C1900EBD013 /* Release */,
			);
			defaultConfigurationIsVisible = 0;
			defaultConfigurationName = Release;
		};
		490CBF2323AA2C1900EBD013 /* Build configuration list for PBXNativeTarget "SoftWeatherTests" */ = {
			isa = XCConfigurationList;
			buildConfigurations = (
				490CBF2423AA2C1900EBD013 /* Debug */,
				490CBF2523AA2C1900EBD013 /* Release */,
			);
			defaultConfigurationIsVisible = 0;
			defaultConfigurationName = Release;
		};
/* End XCConfigurationList section */

/* Begin XCVersionGroup section */
		490CBF0A23AA2C1700EBD013 /* SoftWeather.xcdatamodeld */ = {
			isa = XCVersionGroup;
			children = (
				490CBF0B23AA2C1700EBD013 /* SoftWeather.xcdatamodel */,
			);
			currentVersion = 490CBF0B23AA2C1700EBD013 /* SoftWeather.xcdatamodel */;
			path = SoftWeather.xcdatamodeld;
			sourceTree = "<group>";
			versionGroupType = wrapper.xcdatamodel;
		};
/* End XCVersionGroup section */
	};
	rootObject = 490CBEF623AA2C1700EBD013 /* Project object */;
}
