// !$*UTF8*$!
{
	archiveVersion = 1;
	classes = {
	};
	objectVersion = 50;
	objects = {

/* Begin PBXBuildFile section */
		490CBF0223AA2C1700EBD013 /* AppDelegate.swift in Sources */ = {isa = PBXBuildFile; fileRef = 490CBF0123AA2C1700EBD013 /* AppDelegate.swift */; };
		490CBF0423AA2C1700EBD013 /* SceneDelegate.swift in Sources */ = {isa = PBXBuildFile; fileRef = 490CBF0323AA2C1700EBD013 /* SceneDelegate.swift */; };
		490CBF0623AA2C1700EBD013 /* MainViewController.swift in Sources */ = {isa = PBXBuildFile; fileRef = 490CBF0523AA2C1700EBD013 /* MainViewController.swift */; };
		490CBF0C23AA2C1700EBD013 /* SoftWeather.xcdatamodeld in Sources */ = {isa = PBXBuildFile; fileRef = 490CBF0A23AA2C1700EBD013 /* SoftWeather.xcdatamodeld */; };
		490CBF0E23AA2C1900EBD013 /* Assets.xcassets in Resources */ = {isa = PBXBuildFile; fileRef = 490CBF0D23AA2C1900EBD013 /* Assets.xcassets */; };
		490CBF1123AA2C1900EBD013 /* LaunchScreen.storyboard in Resources */ = {isa = PBXBuildFile; fileRef = 490CBF0F23AA2C1900EBD013 /* LaunchScreen.storyboard */; };
		490CBF1C23AA2C1900EBD013 /* SoftWeatherTests.swift in Sources */ = {isa = PBXBuildFile; fileRef = 490CBF1B23AA2C1900EBD013 /* SoftWeatherTests.swift */; };
		490CBF2823AA355200EBD013 /* MainView.swift in Sources */ = {isa = PBXBuildFile; fileRef = 490CBF2723AA355200EBD013 /* MainView.swift */; };
		495C0E6D23AA5B9000440CA5 /* LoadImageOperation.swift in Sources */ = {isa = PBXBuildFile; fileRef = 495C0E6C23AA5B9000440CA5 /* LoadImageOperation.swift */; };
		495C0E6F23AA5BBE00440CA5 /* Constants.swift in Sources */ = {isa = PBXBuildFile; fileRef = 495C0E6E23AA5BBE00440CA5 /* Constants.swift */; };
/* End PBXBuildFile section */

/* Begin PBXContainerItemProxy section */
		490CBF1823AA2C1900EBD013 /* PBXContainerItemProxy */ = {
			isa = PBXContainerItemProxy;
			containerPortal = 490CBEF623AA2C1700EBD013 /* Project object */;
			proxyType = 1;
			remoteGlobalIDString = 490CBEFD23AA2C1700EBD013;
			remoteInfo = SoftWeather;
		};
/* End PBXContainerItemProxy section */

/* Begin PBXFileReference section */
		490CBEFE23AA2C1700EBD013 /* SoftWeather.app */ = {isa = PBXFileReference; explicitFileType = wrapper.application; includeInIndex = 0; path = SoftWeather.app; sourceTree = BUILT_PRODUCTS_DIR; };
		490CBF0123AA2C1700EBD013 /* AppDelegate.swift */ = {isa = PBXFileReference; lastKnownFileType = sourcecode.swift; path = AppDelegate.swift; sourceTree = "<group>"; };
		490CBF0323AA2C1700EBD013 /* SceneDelegate.swift */ = {isa = PBXFileReference; lastKnownFileType = sourcecode.swift; path = SceneDelegate.swift; sourceTree = "<group>"; };
		490CBF0523AA2C1700EBD013 /* MainViewController.swift */ = {isa = PBXFileReference; lastKnownFileType = sourcecode.swift; path = MainViewController.swift; sourceTree = "<group>"; };
		490CBF0B23AA2C1700EBD013 /* SoftWeather.xcdatamodel */ = {isa = PBXFileReference; lastKnownFileType = wrapper.xcdatamodel; path = SoftWeather.xcdatamodel; sourceTree = "<group>"; };
		490CBF0D23AA2C1900EBD013 /* Assets.xcassets */ = {isa = PBXFileReference; lastKnownFileType = folder.assetcatalog; path = Assets.xcassets; sourceTree = "<group>"; };
		490CBF1023AA2C1900EBD013 /* Base */ = {isa = PBXFileReference; lastKnownFileType = file.storyboard; name = Base; path = Base.lproj/LaunchScreen.storyboard; sourceTree = "<group>"; };
		490CBF1223AA2C1900EBD013 /* Info.plist */ = {isa = PBXFileReference; lastKnownFileType = text.plist.xml; path = Info.plist; sourceTree = "<group>"; };
		490CBF1723AA2C1900EBD013 /* SoftWeatherTests.xctest */ = {isa = PBXFileReference; explicitFileType = wrapper.cfbundle; includeInIndex = 0; path = SoftWeatherTests.xctest; sourceTree = BUILT_PRODUCTS_DIR; };
		490CBF1B23AA2C1900EBD013 /* SoftWeatherTests.swift */ = {isa = PBXFileReference; lastKnownFileType = sourcecode.swift; path = SoftWeatherTests.swift; sourceTree = "<group>"; };
		490CBF1D23AA2C1900EBD013 /* Info.plist */ = {isa = PBXFileReference; lastKnownFileType = text.plist.xml; path = Info.plist; sourceTree = "<group>"; };
		490CBF2723AA355200EBD013 /* MainView.swift */ = {isa = PBXFileReference; lastKnownFileType = sourcecode.swift; path = MainView.swift; sourceTree = "<group>"; };
		495C0E6C23AA5B9000440CA5 /* LoadImageOperation.swift */ = {isa = PBXFileReference; lastKnownFileType = sourcecode.swift; path = LoadImageOperation.swift; sourceTree = "<group>"; };
		495C0E6E23AA5BBE00440CA5 /* Constants.swift */ = {isa = PBXFileReference; lastKnownFileType = sourcecode.swift; path = Constants.swift; sourceTree = "<group>"; };
/* End PBXFileReference section */

/* Begin PBXFrameworksBuildPhase section */
		490CBEFB23AA2C1700EBD013 /* Frameworks */ = {
			isa = PBXFrameworksBuildPhase;
			buildActionMask = 2147483647;
			files = (
			);
			runOnlyForDeploymentPostprocessing = 0;
		};
		490CBF1423AA2C1900EBD013 /* Frameworks */ = {
			isa = PBXFrameworksBuildPhase;
			buildActionMask = 2147483647;
			files = (
			);
			runOnlyForDeploymentPostprocessing = 0;
		};
/* End PBXFrameworksBuildPhase section */

/* Begin PBXGroup section */
		490CBEF523AA2C1700EBD013 = {
			isa = PBXGroup;
			children = (
				490CBF0023AA2C1700EBD013 /* SoftWeather */,
				490CBF1A23AA2C1900EBD013 /* SoftWeatherTests */,
				490CBEFF23AA2C1700EBD013 /* Products */,
			);
			sourceTree = "<group>";
		};
		490CBEFF23AA2C1700EBD013 /* Products */ = {
			isa = PBXGroup;
			children = (
				490CBEFE23AA2C1700EBD013 /* SoftWeather.app */,
				490CBF1723AA2C1900EBD013 /* SoftWeatherTests.xctest */,
			);
			name = Products;
			sourceTree = "<group>";
		};
		490CBF0023AA2C1700EBD013 /* SoftWeather */ = {
			isa = PBXGroup;
			children = (
				490CBF0123AA2C1700EBD013 /* AppDelegate.swift */,
				490CBF0323AA2C1700EBD013 /* SceneDelegate.swift */,
				495C0E6C23AA5B9000440CA5 /* LoadImageOperation.swift */,
				495C0E6E23AA5BBE00440CA5 /* Constants.swift */,
				490CBF2623AA31AF00EBD013 /* MainScreen */,
				490CBF0D23AA2C1900EBD013 /* Assets.xcassets */,
				490CBF0F23AA2C1900EBD013 /* LaunchScreen.storyboard */,
				490CBF1223AA2C1900EBD013 /* Info.plist */,
				490CBF0A23AA2C1700EBD013 /* SoftWeather.xcdatamodeld */,
			);
			path = SoftWeather;
			sourceTree = "<group>";
		};
		490CBF1A23AA2C1900EBD013 /* SoftWeatherTests */ = {
			isa = PBXGroup;
			children = (
				490CBF1B23AA2C1900EBD013 /* SoftWeatherTests.swift */,
				490CBF1D23AA2C1900EBD013 /* Info.plist */,
			);
			path = SoftWeatherTests;
			sourceTree = "<group>";
		};
		490CBF2623AA31AF00EBD013 /* MainScreen */ = {
			isa = PBXGroup;
			children = (
				490CBF0523AA2C1700EBD013 /* MainViewController.swift */,
				490CBF2723AA355200EBD013 /* MainView.swift */,
			);
			path = MainScreen;
			sourceTree = "<group>";
		};
/* End PBXGroup section */

/* Begin PBXNativeTarget section */
		490CBEFD23AA2C1700EBD013 /* SoftWeather */ = {
			isa = PBXNativeTarget;
			buildConfigurationList = 490CBF2023AA2C1900EBD013 /* Build configuration list for PBXNativeTarget "SoftWeather" */;
			buildPhases = (
				490CBEFA23AA2C1700EBD013 /* Sources */,
				490CBEFB23AA2C1700EBD013 /* Frameworks */,
				490CBEFC23AA2C1700EBD013 /* Resources */,
			);
			buildRules = (
			);
			dependencies = (
			);
			name = SoftWeather;
			productName = SoftWeather;
			productReference = 490CBEFE23AA2C1700EBD013 /* SoftWeather.app */;
			productType = "com.apple.product-type.application";
		};
		490CBF1623AA2C1900EBD013 /* SoftWeatherTests */ = {
			isa = PBXNativeTarget;
			buildConfigurationList = 490CBF2323AA2C1900EBD013 /* Build configuration list for PBXNativeTarget "SoftWeatherTests" */;
			buildPhases = (
				490CBF1323AA2C1900EBD013 /* Sources */,
				490CBF1423AA2C1900EBD013 /* Frameworks */,
				490CBF1523AA2C1900EBD013 /* Resources */,
			);
			buildRules = (
			);
			dependencies = (
				490CBF1923AA2C1900EBD013 /* PBXTargetDependency */,
			);
			name = SoftWeatherTests;
			productName = SoftWeatherTests;
			productReference = 490CBF1723AA2C1900EBD013 /* SoftWeatherTests.xctest */;
			productType = "com.apple.product-type.bundle.unit-test";
		};
/* End PBXNativeTarget section */

/* Begin PBXProject section */
		490CBEF623AA2C1700EBD013 /* Project object */ = {
			isa = PBXProject;
			attributes = {
				LastSwiftUpdateCheck = 1130;
				LastUpgradeCheck = 1130;
				ORGANIZATIONNAME = Andrew;
				TargetAttributes = {
					490CBEFD23AA2C1700EBD013 = {
						CreatedOnToolsVersion = 11.3;
					};
					490CBF1623AA2C1900EBD013 = {
						CreatedOnToolsVersion = 11.3;
						TestTargetID = 490CBEFD23AA2C1700EBD013;
					};
				};
			};
			buildConfigurationList = 490CBEF923AA2C1700EBD013 /* Build configuration list for PBXProject "SoftWeather" */;
			compatibilityVersion = "Xcode 9.3";
			developmentRegion = en;
			hasScannedForEncodings = 0;
			knownRegions = (
				en,
				Base,
			);
			mainGroup = 490CBEF523AA2C1700EBD013;
			productRefGroup = 490CBEFF23AA2C1700EBD013 /* Products */;
			projectDirPath = "";
			projectRoot = "";
			targets = (
				490CBEFD23AA2C1700EBD013 /* SoftWeather */,
				490CBF1623AA2C1900EBD013 /* SoftWeatherTests */,
			);
		};
/* End PBXProject section */

/* Begin PBXResourcesBuildPhase section */
		490CBEFC23AA2C1700EBD013 /* Resources */ = {
			isa = PBXResourcesBuildPhase;
			buildActionMask = 2147483647;
			files = (
				490CBF1123AA2C1900EBD013 /* LaunchScreen.storyboard in Resources */,
				490CBF0E23AA2C1900EBD013 /* Assets.xcassets in Resources */,
			);
			runOnlyForDeploymentPostprocessing = 0;
		};
		490CBF1523AA2C1900EBD013 /* Resources */ = {
			isa = PBXResourcesBuildPhase;
			buildActionMask = 2147483647;
			files = (
			);
			runOnlyForDeploymentPostprocessing = 0;
		};
/* End PBXResourcesBuildPhase section */

/* Begin PBXSourcesBuildPhase section */
		490CBEFA23AA2C1700EBD013 /* Sources */ = {
			isa = PBXSourcesBuildPhase;
			buildActionMask = 2147483647;
			files = (
				490CBF0C23AA2C1700EBD013 /* SoftWeather.xcdatamodeld in Sources */,
				490CBF0623AA2C1700EBD013 /* MainViewController.swift in Sources */,
				490CBF0223AA2C1700EBD013 /* AppDelegate.swift in Sources */,
				495C0E6D23AA5B9000440CA5 /* LoadImageOperation.swift in Sources */,
				495C0E6F23AA5BBE00440CA5 /* Constants.swift in Sources */,
				490CBF2823AA355200EBD013 /* MainView.swift in Sources */,
				490CBF0423AA2C1700EBD013 /* SceneDelegate.swift in Sources */,
			);
			runOnlyForDeploymentPostprocessing = 0;
		};
		490CBF1323AA2C1900EBD013 /* Sources */ = {
			isa = PBXSourcesBuildPhase;
			buildActionMask = 2147483647;
			files = (
				490CBF1C23AA2C1900EBD013 /* SoftWeatherTests.swift in Sources */,
			);
			runOnlyForDeploymentPostprocessing = 0;
		};
/* End PBXSourcesBuildPhase section */

/* Begin PBXTargetDependency section */
		490CBF1923AA2C1900EBD013 /* PBXTargetDependency */ = {
			isa = PBXTargetDependency;
			target = 490CBEFD23AA2C1700EBD013 /* SoftWeather */;
			targetProxy = 490CBF1823AA2C1900EBD013 /* PBXContainerItemProxy */;
		};
/* End PBXTargetDependency section */

/* Begin PBXVariantGroup section */
		490CBF0F23AA2C1900EBD013 /* LaunchScreen.storyboard */ = {
			isa = PBXVariantGroup;
			children = (
				490CBF1023AA2C1900EBD013 /* Base */,
			);
			name = LaunchScreen.storyboard;
			sourceTree = "<group>";
		};
/* End PBXVariantGroup section */

/* Begin XCBuildConfiguration section */
		490CBF1E23AA2C1900EBD013 /* Debug */ = {
			isa = XCBuildConfiguration;
			buildSettings = {
				ALWAYS_SEARCH_USER_PATHS = NO;
				CLANG_ANALYZER_NONNULL = YES;
				CLANG_ANALYZER_NUMBER_OBJECT_CONVERSION = YES_AGGRESSIVE;
				CLANG_CXX_LANGUAGE_STANDARD = "gnu++14";
				CLANG_CXX_LIBRARY = "libc++";
				CLANG_ENABLE_MODULES = YES;
				CLANG_ENABLE_OBJC_ARC = YES;
				CLANG_ENABLE_OBJC_WEAK = YES;
				CLANG_WARN_BLOCK_CAPTURE_AUTORELEASING = YES;
				CLANG_WARN_BOOL_CONVERSION = YES;
				CLANG_WARN_COMMA = YES;
				CLANG_WARN_CONSTANT_CONVERSION = YES;
				CLANG_WARN_DEPRECATED_OBJC_IMPLEMENTATIONS = YES;
				CLANG_WARN_DIRECT_OBJC_ISA_USAGE = YES_ERROR;
				CLANG_WARN_DOCUMENTATION_COMMENTS = YES;
				CLANG_WARN_EMPTY_BODY = YES;
				CLANG_WARN_ENUM_CONVERSION = YES;
				CLANG_WARN_INFINITE_RECURSION = YES;
				CLANG_WARN_INT_CONVERSION = YES;
				CLANG_WARN_NON_LITERAL_NULL_CONVERSION = YES;
				CLANG_WARN_OBJC_IMPLICIT_RETAIN_SELF = YES;
				CLANG_WARN_OBJC_LITERAL_CONVERSION = YES;
				CLANG_WARN_OBJC_ROOT_CLASS = YES_ERROR;
				CLANG_WARN_RANGE_LOOP_ANALYSIS = YES;
				CLANG_WARN_STRICT_PROTOTYPES = YES;
				CLANG_WARN_SUSPICIOUS_MOVE = YES;
				CLANG_WARN_UNGUARDED_AVAILABILITY = YES_AGGRESSIVE;
				CLANG_WARN_UNREACHABLE_CODE = YES;
				CLANG_WARN__DUPLICATE_METHOD_MATCH = YES;
				COPY_PHASE_STRIP = NO;
				DEBUG_INFORMATION_FORMAT = dwarf;
				ENABLE_STRICT_OBJC_MSGSEND = YES;
				ENABLE_TESTABILITY = YES;
				GCC_C_LANGUAGE_STANDARD = gnu11;
				GCC_DYNAMIC_NO_PIC = NO;
				GCC_NO_COMMON_BLOCKS = YES;
				GCC_OPTIMIZATION_LEVEL = 0;
				GCC_PREPROCESSOR_DEFINITIONS = (
					"DEBUG=1",
					"$(inherited)",
				);
				GCC_WARN_64_TO_32_BIT_CONVERSION = YES;
				GCC_WARN_ABOUT_RETURN_TYPE = YES_ERROR;
				GCC_WARN_UNDECLARED_SELECTOR = YES;
				GCC_WARN_UNINITIALIZED_AUTOS = YES_AGGRESSIVE;
				GCC_WARN_UNUSED_FUNCTION = YES;
				GCC_WARN_UNUSED_VARIABLE = YES;
				IPHONEOS_DEPLOYMENT_TARGET = 13.2;
				MTL_ENABLE_DEBUG_INFO = INCLUDE_SOURCE;
				MTL_FAST_MATH = YES;
				ONLY_ACTIVE_ARCH = YES;
				SDKROOT = iphoneos;
				SWIFT_ACTIVE_COMPILATION_CONDITIONS = DEBUG;
				SWIFT_OPTIMIZATION_LEVEL = "-Onone";
			};
			name = Debug;
		};
		490CBF1F23AA2C1900EBD013 /* Release */ = {
			isa = XCBuildConfiguration;
			buildSettings = {
				ALWAYS_SEARCH_USER_PATHS = NO;
				CLANG_ANALYZER_NONNULL = YES;
				CLANG_ANALYZER_NUMBER_OBJECT_CONVERSION = YES_AGGRESSIVE;
				CLANG_CXX_LANGUAGE_STANDARD = "gnu++14";
				CLANG_CXX_LIBRARY = "libc++";
				CLANG_ENABLE_MODULES = YES;
				CLANG_ENABLE_OBJC_ARC = YES;
				CLANG_ENABLE_OBJC_WEAK = YES;
				CLANG_WARN_BLOCK_CAPTURE_AUTORELEASING = YES;
				CLANG_WARN_BOOL_CONVERSION = YES;
				CLANG_WARN_COMMA = YES;
				CLANG_WARN_CONSTANT_CONVERSION = YES;
				CLANG_WARN_DEPRECATED_OBJC_IMPLEMENTATIONS = YES;
				CLANG_WARN_DIRECT_OBJC_ISA_USAGE = YES_ERROR;
				CLANG_WARN_DOCUMENTATION_COMMENTS = YES;
				CLANG_WARN_EMPTY_BODY = YES;
				CLANG_WARN_ENUM_CONVERSION = YES;
				CLANG_WARN_INFINITE_RECURSION = YES;
				CLANG_WARN_INT_CONVERSION = YES;
				CLANG_WARN_NON_LITERAL_NULL_CONVERSION = YES;
				CLANG_WARN_OBJC_IMPLICIT_RETAIN_SELF = YES;
				CLANG_WARN_OBJC_LITERAL_CONVERSION = YES;
				CLANG_WARN_OBJC_ROOT_CLASS = YES_ERROR;
				CLANG_WARN_RANGE_LOOP_ANALYSIS = YES;
				CLANG_WARN_STRICT_PROTOTYPES = YES;
				CLANG_WARN_SUSPICIOUS_MOVE = YES;
				CLANG_WARN_UNGUARDED_AVAILABILITY = YES_AGGRESSIVE;
				CLANG_WARN_UNREACHABLE_CODE = YES;
				CLANG_WARN__DUPLICATE_METHOD_MATCH = YES;
				COPY_PHASE_STRIP = NO;
				DEBUG_INFORMATION_FORMAT = "dwarf-with-dsym";
				ENABLE_NS_ASSERTIONS = NO;
				ENABLE_STRICT_OBJC_MSGSEND = YES;
				GCC_C_LANGUAGE_STANDARD = gnu11;
				GCC_NO_COMMON_BLOCKS = YES;
				GCC_WARN_64_TO_32_BIT_CONVERSION = YES;
				GCC_WARN_ABOUT_RETURN_TYPE = YES_ERROR;
				GCC_WARN_UNDECLARED_SELECTOR = YES;
				GCC_WARN_UNINITIALIZED_AUTOS = YES_AGGRESSIVE;
				GCC_WARN_UNUSED_FUNCTION = YES;
				GCC_WARN_UNUSED_VARIABLE = YES;
				IPHONEOS_DEPLOYMENT_TARGET = 13.2;
				MTL_ENABLE_DEBUG_INFO = NO;
				MTL_FAST_MATH = YES;
				SDKROOT = iphoneos;
				SWIFT_COMPILATION_MODE = wholemodule;
				SWIFT_OPTIMIZATION_LEVEL = "-O";
				VALIDATE_PRODUCT = YES;
			};
			name = Release;
		};
		490CBF2123AA2C1900EBD013 /* Debug */ = {
			isa = XCBuildConfiguration;
			buildSettings = {
				ASSETCATALOG_COMPILER_APPICON_NAME = AppIcon;
				CODE_SIGN_STYLE = Automatic;
				DEVELOPMENT_TEAM = 8FZ2C7K9LV;
				INFOPLIST_FILE = SoftWeather/Info.plist;
				LD_RUNPATH_SEARCH_PATHS = (
					"$(inherited)",
					"@executable_path/Frameworks",
				);
				PRODUCT_BUNDLE_IDENTIFIER = ZHUKOV.SoftWeather;
				PRODUCT_NAME = "$(TARGET_NAME)";
				SWIFT_VERSION = 5.0;
				TARGETED_DEVICE_FAMILY = "1,2";
			};
			name = Debug;
		};
		490CBF2223AA2C1900EBD013 /* Release */ = {
			isa = XCBuildConfiguration;
			buildSettings = {
				ASSETCATALOG_COMPILER_APPICON_NAME = AppIcon;
				CODE_SIGN_STYLE = Automatic;
				DEVELOPMENT_TEAM = 8FZ2C7K9LV;
				INFOPLIST_FILE = SoftWeather/Info.plist;
				LD_RUNPATH_SEARCH_PATHS = (
					"$(inherited)",
					"@executable_path/Frameworks",
				);
				PRODUCT_BUNDLE_IDENTIFIER = ZHUKOV.SoftWeather;
				PRODUCT_NAME = "$(TARGET_NAME)";
				SWIFT_VERSION = 5.0;
				TARGETED_DEVICE_FAMILY = "1,2";
			};
			name = Release;
		};
		490CBF2423AA2C1900EBD013 /* Debug */ = {
			isa = XCBuildConfiguration;
			buildSettings = {
				ALWAYS_EMBED_SWIFT_STANDARD_LIBRARIES = YES;
				BUNDLE_LOADER = "$(TEST_HOST)";
				CODE_SIGN_STYLE = Automatic;
				DEVELOPMENT_TEAM = 8FZ2C7K9LV;
				INFOPLIST_FILE = SoftWeatherTests/Info.plist;
				IPHONEOS_DEPLOYMENT_TARGET = 13.2;
				LD_RUNPATH_SEARCH_PATHS = (
					"$(inherited)",
					"@executable_path/Frameworks",
					"@loader_path/Frameworks",
				);
				PRODUCT_BUNDLE_IDENTIFIER = ZHUKOV.SoftWeatherTests;
				PRODUCT_NAME = "$(TARGET_NAME)";
				SWIFT_VERSION = 5.0;
				TARGETED_DEVICE_FAMILY = "1,2";
				TEST_HOST = "$(BUILT_PRODUCTS_DIR)/SoftWeather.app/SoftWeather";
			};
			name = Debug;
		};
		490CBF2523AA2C1900EBD013 /* Release */ = {
			isa = XCBuildConfiguration;
			buildSettings = {
				ALWAYS_EMBED_SWIFT_STANDARD_LIBRARIES = YES;
				BUNDLE_LOADER = "$(TEST_HOST)";
				CODE_SIGN_STYLE = Automatic;
				DEVELOPMENT_TEAM = 8FZ2C7K9LV;
				INFOPLIST_FILE = SoftWeatherTests/Info.plist;
				IPHONEOS_DEPLOYMENT_TARGET = 13.2;
				LD_RUNPATH_SEARCH_PATHS = (
					"$(inherited)",
					"@executable_path/Frameworks",
					"@loader_path/Frameworks",
				);
				PRODUCT_BUNDLE_IDENTIFIER = ZHUKOV.SoftWeatherTests;
				PRODUCT_NAME = "$(TARGET_NAME)";
				SWIFT_VERSION = 5.0;
				TARGETED_DEVICE_FAMILY = "1,2";
				TEST_HOST = "$(BUILT_PRODUCTS_DIR)/SoftWeather.app/SoftWeather";
			};
			name = Release;
		};
/* End XCBuildConfiguration section */

/* Begin XCConfigurationList section */
		490CBEF923AA2C1700EBD013 /* Build configuration list for PBXProject "SoftWeather" */ = {
			isa = XCConfigurationList;
			buildConfigurations = (
				490CBF1E23AA2C1900EBD013 /* Debug */,
				490CBF1F23AA2C1900EBD013 /* Release */,
			);
			defaultConfigurationIsVisible = 0;
			defaultConfigurationName = Release;
		};
		490CBF2023AA2C1900EBD013 /* Build configuration list for PBXNativeTarget "SoftWeather" */ = {
			isa = XCConfigurationList;
			buildConfigurations = (
				490CBF2123AA2C1900EBD013 /* Debug */,
				490CBF2223AA2C1900EBD013 /* Release */,
			);
			defaultConfigurationIsVisible = 0;
			defaultConfigurationName = Release;
		};
		490CBF2323AA2C1900EBD013 /* Build configuration list for PBXNativeTarget "SoftWeatherTests" */ = {
			isa = XCConfigurationList;
			buildConfigurations = (
				490CBF2423AA2C1900EBD013 /* Debug */,
				490CBF2523AA2C1900EBD013 /* Release */,
			);
			defaultConfigurationIsVisible = 0;
			defaultConfigurationName = Release;
		};
/* End XCConfigurationList section */

/* Begin XCVersionGroup section */
		490CBF0A23AA2C1700EBD013 /* SoftWeather.xcdatamodeld */ = {
			isa = XCVersionGroup;
			children = (
				490CBF0B23AA2C1700EBD013 /* SoftWeather.xcdatamodel */,
			);
			currentVersion = 490CBF0B23AA2C1700EBD013 /* SoftWeather.xcdatamodel */;
			path = SoftWeather.xcdatamodeld;
			sourceTree = "<group>";
			versionGroupType = wrapper.xcdatamodel;
		};
/* End XCVersionGroup section */
	};
	rootObject = 490CBEF623AA2C1700EBD013 /* Project object */;
}
